
Microsoft Visual Studio Solution File, Format Version 12.00
# Visual Studio Version 16
VisualStudioVersion = 16.0.29519.181
MinimumVisualStudioVersion = 10.0.40219.1
Project("{FAE04EC0-301F-11D3-BF4B-00C04F79EFBC}") = "SredniaFinal", "SredniaFinal\SredniaFinal.csproj", "{1DED294A-D063-481C-A079-46B7102F4BB9}"
EndProject
Project("{FAE04EC0-301F-11D3-BF4B-00C04F79EFBC}") = "SredniaForm", "SredniaForm\SredniaForm.csproj", "{BA8E17B0-C194-4936-8E7E-060275757135}"
	ProjectSection(ProjectDependencies) = postProject
		{1DED294A-D063-481C-A079-46B7102F4BB9} = {1DED294A-D063-481C-A079-46B7102F4BB9}
	EndProjectSection
EndProject
Global
	GlobalSection(SolutionConfigurationPlatforms) = preSolution
		Debug|Any CPU = Debug|Any CPU
		Release|Any CPU = Release|Any CPU
	EndGlobalSection
	GlobalSection(ProjectConfigurationPlatforms) = postSolution
		{1DED294A-D063-481C-A079-46B7102F4BB9}.Debug|Any CPU.ActiveCfg = Debug|Any CPU
		{1DED294A-D063-481C-A079-46B7102F4BB9}.Debug|Any CPU.Build.0 = Debug|Any CPU
		{1DED294A-D063-481C-A079-46B7102F4BB9}.Release|Any CPU.ActiveCfg = Release|Any CPU
		{1DED294A-D063-481C-A079-46B7102F4BB9}.Release|Any CPU.Build.0 = Release|Any CPU
		{BA8E17B0-C194-4936-8E7E-060275757135}.Debug|Any CPU.ActiveCfg = Debug|Any CPU
		{BA8E17B0-C194-4936-8E7E-060275757135}.Debug|Any CPU.Build.0 = Debug|Any CPU
		{BA8E17B0-C194-4936-8E7E-060275757135}.Release|Any CPU.ActiveCfg = Release|Any CPU
		{BA8E17B0-C194-4936-8E7E-060275757135}.Release|Any CPU.Build.0 = Release|Any CPU
	EndGlobalSection
	GlobalSection(SolutionProperties) = preSolution
		HideSolutionNode = FALSE
	EndGlobalSection
	GlobalSection(ExtensibilityGlobals) = postSolution
		SolutionGuid = {733A732B-E579-49CB-A054-FC5CB29C0B2A}
	EndGlobalSection
EndGlobal
